
Microsoft Visual Studio Solution File, Format Version 12.00
# Visual Studio 15
VisualStudioVersion = 15.0.28307.645
MinimumVisualStudioVersion = 10.0.40219.1
Project("{9A19103F-16F7-4668-BE54-9A1E7A4F7556}") = "Operaciones", "xUnitSession\Operaciones.csproj", "{596BA2CB-D721-40B1-9C77-A3B61401B7C5}"
EndProject
Project("{9A19103F-16F7-4668-BE54-9A1E7A4F7556}") = "XUnitTestProject1", "XUnitTestProject1\XUnitTestProject1.csproj", "{BF6E6B3F-26F4-49DC-BEE4-00328D534FD3}"
EndProject
Project("{FAE04EC0-301F-11D3-BF4B-00C04F79EFBC}") = "XUnitTestProject2", "XUnitTestProject2\XUnitTestProject2.csproj", "{FAD540F4-DDB1-46C0-A5DB-0EAB3B1E180D}"
EndProject
Global
	GlobalSection(SolutionConfigurationPlatforms) = preSolution
		Debug|Any CPU = Debug|Any CPU
		Release|Any CPU = Release|Any CPU
	EndGlobalSection
	GlobalSection(ProjectConfigurationPlatforms) = postSolution
		{596BA2CB-D721-40B1-9C77-A3B61401B7C5}.Debug|Any CPU.ActiveCfg = Debug|Any CPU
		{596BA2CB-D721-40B1-9C77-A3B61401B7C5}.Debug|Any CPU.Build.0 = Debug|Any CPU
		{596BA2CB-D721-40B1-9C77-A3B61401B7C5}.Release|Any CPU.ActiveCfg = Release|Any CPU
		{596BA2CB-D721-40B1-9C77-A3B61401B7C5}.Release|Any CPU.Build.0 = Release|Any CPU
		{BF6E6B3F-26F4-49DC-BEE4-00328D534FD3}.Debug|Any CPU.ActiveCfg = Debug|Any CPU
		{BF6E6B3F-26F4-49DC-BEE4-00328D534FD3}.Debug|Any CPU.Build.0 = Debug|Any CPU
		{BF6E6B3F-26F4-49DC-BEE4-00328D534FD3}.Release|Any CPU.ActiveCfg = Release|Any CPU
		{BF6E6B3F-26F4-49DC-BEE4-00328D534FD3}.Release|Any CPU.Build.0 = Release|Any CPU
		{FAD540F4-DDB1-46C0-A5DB-0EAB3B1E180D}.Debug|Any CPU.ActiveCfg = Debug|Any CPU
		{FAD540F4-DDB1-46C0-A5DB-0EAB3B1E180D}.Debug|Any CPU.Build.0 = Debug|Any CPU
		{FAD540F4-DDB1-46C0-A5DB-0EAB3B1E180D}.Release|Any CPU.ActiveCfg = Release|Any CPU
		{FAD540F4-DDB1-46C0-A5DB-0EAB3B1E180D}.Release|Any CPU.Build.0 = Release|Any CPU
	EndGlobalSection
	GlobalSection(SolutionProperties) = preSolution
		HideSolutionNode = FALSE
	EndGlobalSection
	GlobalSection(ExtensibilityGlobals) = postSolution
		SolutionGuid = {9D7BEEE9-A526-4A80-80B2-5B276136D29F}
	EndGlobalSection
EndGlobal
